Microsoft Visual Studio Solution File, Format Version 12.00
# Visual Studio 14
VisualStudioVersion = 14.0.25420.1
MinimumVisualStudioVersion = 10.0.40219.1
Project("{F2A71F9B-5D33-465A-A702-920D77279786}") = "Aardvark.Cef", "Aardvark.Cef\Aardvark.Cef.fsproj", "{70C08F03-F4A5-414A-ABD6-CC07DC42E07C}"
EndProject
Project("{F2A71F9B-5D33-465A-A702-920D77279786}") = "RenderToTextureExample", "RenderToTextureExample\RenderToTextureExample.fsproj", "{7B055C74-1C24-4CB0-96E4-02E01914F60A}"
EndProject
Project("{F2A71F9B-5D33-465A-A702-920D77279786}") = "Aardvark.Cef.Process", "Aardvark.Cef.Process\Aardvark.Cef.Process.fsproj", "{1DFEB808-39FA-4DB3-92B6-77BAADC1457D}"
EndProject
Project("{F2A71F9B-5D33-465A-A702-920D77279786}") = "Aardvark.Cef.WinForms", "Aardvark.Cef.WinForms\Aardvark.Cef.WinForms.fsproj", "{F20C78DD-06CB-44E8-90DB-6DE144863078}"
EndProject
Project("{F2A71F9B-5D33-465A-A702-920D77279786}") = "Aardvark.Service", "Aardvark.Service\Aardvark.Service.fsproj", "{773EB4C7-BA14-4A60-B6C5-8A27C7D80BE2}"
EndProject
Project("{F2A71F9B-5D33-465A-A702-920D77279786}") = "Aardvark.Service.Demo", "Aardvark.Service.Demo\Aardvark.Service.Demo.fsproj", "{4FC26DDD-A83D-4739-AB2D-6B2354E6A2D6}"
EndProject
Project("{F2A71F9B-5D33-465A-A702-920D77279786}") = "Aardvark.UI", "Aardvark.UI\Aardvark.UI.fsproj", "{222260E2-428B-485D-89FB-BFBF1D87CD06}"
EndProject
Project("{F2A71F9B-5D33-465A-A702-920D77279786}") = "Aardvark.UI.Primitives", "Aardvark.UI.Primitives\Aardvark.UI.Primitives.fsproj", "{F0D88ACA-53DB-492C-88CF-080F67FEF6B8}"
EndProject
Project("{2150E333-8FDC-42A3-9474-1A3956D46DE8}") = "Examples", "Examples", "{DAC89FC7-17D3-467D-929D-781A88DA5324}"
EndProject
Project("{F2A71F9B-5D33-465A-A702-920D77279786}") = "01 - Inc", "Examples\01 - Inc\01 - Inc.fsproj", "{206C17A2-A3A1-4191-8CA3-DA92197BB73B}"
EndProject
Global
	GlobalSection(SolutionConfigurationPlatforms) = preSolution
		Debug|Any CPU = Debug|Any CPU
		Release|Any CPU = Release|Any CPU
	EndGlobalSection
	GlobalSection(ProjectConfigurationPlatforms) = postSolution
		{70C08F03-F4A5-414A-ABD6-CC07DC42E07C}.Debug|Any CPU.ActiveCfg = Debug|Any CPU
		{70C08F03-F4A5-414A-ABD6-CC07DC42E07C}.Debug|Any CPU.Build.0 = Debug|Any CPU
		{70C08F03-F4A5-414A-ABD6-CC07DC42E07C}.Release|Any CPU.ActiveCfg = Release|Any CPU
		{70C08F03-F4A5-414A-ABD6-CC07DC42E07C}.Release|Any CPU.Build.0 = Release|Any CPU
		{7B055C74-1C24-4CB0-96E4-02E01914F60A}.Debug|Any CPU.ActiveCfg = Debug|Any CPU
		{7B055C74-1C24-4CB0-96E4-02E01914F60A}.Debug|Any CPU.Build.0 = Debug|Any CPU
		{7B055C74-1C24-4CB0-96E4-02E01914F60A}.Release|Any CPU.ActiveCfg = Release|Any CPU
		{7B055C74-1C24-4CB0-96E4-02E01914F60A}.Release|Any CPU.Build.0 = Release|Any CPU
		{1DFEB808-39FA-4DB3-92B6-77BAADC1457D}.Debug|Any CPU.ActiveCfg = Debug|Any CPU
		{1DFEB808-39FA-4DB3-92B6-77BAADC1457D}.Debug|Any CPU.Build.0 = Debug|Any CPU
		{1DFEB808-39FA-4DB3-92B6-77BAADC1457D}.Release|Any CPU.ActiveCfg = Release|Any CPU
		{1DFEB808-39FA-4DB3-92B6-77BAADC1457D}.Release|Any CPU.Build.0 = Release|Any CPU
		{F20C78DD-06CB-44E8-90DB-6DE144863078}.Debug|Any CPU.ActiveCfg = Debug|Any CPU
		{F20C78DD-06CB-44E8-90DB-6DE144863078}.Debug|Any CPU.Build.0 = Debug|Any CPU
		{F20C78DD-06CB-44E8-90DB-6DE144863078}.Release|Any CPU.ActiveCfg = Release|Any CPU
		{F20C78DD-06CB-44E8-90DB-6DE144863078}.Release|Any CPU.Build.0 = Release|Any CPU
		{773EB4C7-BA14-4A60-B6C5-8A27C7D80BE2}.Debug|Any CPU.ActiveCfg = Debug|Any CPU
		{773EB4C7-BA14-4A60-B6C5-8A27C7D80BE2}.Debug|Any CPU.Build.0 = Debug|Any CPU
		{773EB4C7-BA14-4A60-B6C5-8A27C7D80BE2}.Release|Any CPU.ActiveCfg = Release|Any CPU
		{773EB4C7-BA14-4A60-B6C5-8A27C7D80BE2}.Release|Any CPU.Build.0 = Release|Any CPU
		{4FC26DDD-A83D-4739-AB2D-6B2354E6A2D6}.Debug|Any CPU.ActiveCfg = Debug|Any CPU
		{4FC26DDD-A83D-4739-AB2D-6B2354E6A2D6}.Debug|Any CPU.Build.0 = Debug|Any CPU
		{4FC26DDD-A83D-4739-AB2D-6B2354E6A2D6}.Release|Any CPU.ActiveCfg = Release|Any CPU
		{4FC26DDD-A83D-4739-AB2D-6B2354E6A2D6}.Release|Any CPU.Build.0 = Release|Any CPU
		{222260E2-428B-485D-89FB-BFBF1D87CD06}.Debug|Any CPU.ActiveCfg = Debug|Any CPU
		{222260E2-428B-485D-89FB-BFBF1D87CD06}.Debug|Any CPU.Build.0 = Debug|Any CPU
		{222260E2-428B-485D-89FB-BFBF1D87CD06}.Release|Any CPU.ActiveCfg = Release|Any CPU
		{222260E2-428B-485D-89FB-BFBF1D87CD06}.Release|Any CPU.Build.0 = Release|Any CPU
		{F0D88ACA-53DB-492C-88CF-080F67FEF6B8}.Debug|Any CPU.ActiveCfg = Debug|Any CPU
		{F0D88ACA-53DB-492C-88CF-080F67FEF6B8}.Debug|Any CPU.Build.0 = Debug|Any CPU
		{F0D88ACA-53DB-492C-88CF-080F67FEF6B8}.Release|Any CPU.ActiveCfg = Release|Any CPU
		{F0D88ACA-53DB-492C-88CF-080F67FEF6B8}.Release|Any CPU.Build.0 = Release|Any CPU
		{206C17A2-A3A1-4191-8CA3-DA92197BB73B}.Debug|Any CPU.ActiveCfg = Debug|Any CPU
		{206C17A2-A3A1-4191-8CA3-DA92197BB73B}.Debug|Any CPU.Build.0 = Debug|Any CPU
		{206C17A2-A3A1-4191-8CA3-DA92197BB73B}.Release|Any CPU.ActiveCfg = Release|Any CPU
		{206C17A2-A3A1-4191-8CA3-DA92197BB73B}.Release|Any CPU.Build.0 = Release|Any CPU
	EndGlobalSection
	GlobalSection(SolutionProperties) = preSolution
		HideSolutionNode = FALSE
	EndGlobalSection
	GlobalSection(NestedProjects) = preSolution
		{206C17A2-A3A1-4191-8CA3-DA92197BB73B} = {DAC89FC7-17D3-467D-929D-781A88DA5324}
	EndGlobalSection
EndGlobal
