
Microsoft Visual Studio Solution File, Format Version 12.00
# Visual Studio Version 16
VisualStudioVersion = 16.0.29613.14
MinimumVisualStudioVersion = 10.0.40219.1
Project("{6EC3EE1D-3C4E-46DD-8F32-0CC8E7565705}") = "03 - D3Integration", "Examples (dotnetcore)\03 - D3Integration\03 - D3Integration.fsproj", "{E1E09C2E-3304-47D2-90BC-94253D1589CB}"
EndProject
Project("{2150E333-8FDC-42A3-9474-1A3956D46DE8}") = "Examples (dotnetcore)", "Examples (dotnetcore)", "{731AC2C4-6C70-497F-BB7E-7417CF93A00B}"
	ProjectSection(SolutionItems) = preProject
		Examples (dotnetcore)\new-examples.fsx = Examples (dotnetcore)\new-examples.fsx
	EndProjectSection
EndProject
Project("{6EC3EE1D-3C4E-46DD-8F32-0CC8E7565705}") = "04 - DragDropHtml5", "Examples (dotnetcore)\04 - DragDropHtml5\04 - DragDropHtml5.fsproj", "{7E71CC3C-655F-44D5-BC7F-5C7074FBB793}"
EndProject
Project("{6EC3EE1D-3C4E-46DD-8F32-0CC8E7565705}") = "06 - DragDiv", "Examples (dotnetcore)\06 - DragDiv\06 - DragDiv.fsproj", "{AE7713D1-A6EA-47AC-9CEF-29E7F0C92330}"
EndProject
Project("{6EC3EE1D-3C4E-46DD-8F32-0CC8E7565705}") = "07 - Simple2DDrawing", "Examples (dotnetcore)\07 - Simple2DDrawing\07 - Simple2DDrawing.fsproj", "{BA3D5A96-7B58-4160-813B-8AE7CC263713}"
EndProject
Project("{6EC3EE1D-3C4E-46DD-8F32-0CC8E7565705}") = "08 - AnimationAsyncExample", "Examples (dotnetcore)\08 - AnimationAsyncExample\08 - AnimationAsyncExample.fsproj", "{520646A9-8B33-4526-8F6F-92D43E5F4149}"
EndProject
Project("{6EC3EE1D-3C4E-46DD-8F32-0CC8E7565705}") = "09 - RenderModel", "Examples (dotnetcore)\09 - RenderModel\09 - RenderModel.fsproj", "{ABCC1B1F-1168-4243-967C-436444C71C17}"
EndProject
Project("{6EC3EE1D-3C4E-46DD-8F32-0CC8E7565705}") = "10 - Drawing3D", "Examples (dotnetcore)\10 - Drawing3D\10 - Drawing3D.fsproj", "{E9788F8D-D5B5-4AB0-967D-6BEAD9035A15}"
EndProject
Project("{6EC3EE1D-3C4E-46DD-8F32-0CC8E7565705}") = "11 - BoxSelection", "Examples (dotnetcore)\11 - BoxSelection\11 - BoxSelection.fsproj", "{31AB7A2E-E341-4A90-A36C-CA7BBA8ADAB1}"
EndProject
Project("{6EC3EE1D-3C4E-46DD-8F32-0CC8E7565705}") = "12 - NavigationDemo", "Examples (dotnetcore)\12 - NavigationDemo\12 - NavigationDemo.fsproj", "{910900D0-524C-497C-AFDF-0BA9BBAC1B99}"
EndProject
Project("{6EC3EE1D-3C4E-46DD-8F32-0CC8E7565705}") = "13 - Pages", "Examples (dotnetcore)\13 - Pages\13 - Pages.fsproj", "{0FB1A2EA-D6C3-4C62-8BB2-A7F0793C1F09}"
EndProject
Project("{6EC3EE1D-3C4E-46DD-8F32-0CC8E7565705}") = "14 - OpenFile", "Examples (dotnetcore)\14 - OpenFile\14 - OpenFile.fsproj", "{B5978E43-688F-4C4D-A26F-360161A62999}"
EndProject
Project("{6EC3EE1D-3C4E-46DD-8F32-0CC8E7565705}") = "15 - Svg", "Examples (dotnetcore)\15 - Svg\15 - Svg.fsproj", "{441EFA3D-271A-4B19-8FC5-E36094576185}"
EndProject
Project("{6EC3EE1D-3C4E-46DD-8F32-0CC8E7565705}") = "16 - ElectronUsage", "Examples (dotnetcore)\16 - ElectronUsage\16 - ElectronUsage.fsproj", "{6B3221BD-85A4-42E9-AAFE-7B1B55506B9F}"
EndProject
Project("{6EC3EE1D-3C4E-46DD-8F32-0CC8E7565705}") = "17 - SubApps", "Examples (dotnetcore)\17 - SubApps\17 - SubApps.fsproj", "{0C69448B-53B5-418B-97D1-C6B53D1B4C06}"
EndProject
Project("{6EC3EE1D-3C4E-46DD-8F32-0CC8E7565705}") = "18 - CameraControllerSettings", "Examples (dotnetcore)\18 - CameraControllerSettings\18 - CameraControllerSettings.fsproj", "{1192A0AA-53AA-4E6C-BB8F-4A9719B582F1}"
EndProject
Project("{6EC3EE1D-3C4E-46DD-8F32-0CC8E7565705}") = "20 - PlaceTransformObjects", "Examples (dotnetcore)\20 - PlaceTransformObjects\20 - PlaceTransformObjects.fsproj", "{5B7188B1-0850-4C07-A33F-55880BF0FB4C}"
EndProject
Project("{6EC3EE1D-3C4E-46DD-8F32-0CC8E7565705}") = "21 - SimpleAsync", "Examples (dotnetcore)\21 - SimpleAsync\21 - SimpleAsync.fsproj", "{601DD3E4-89A9-4FFC-AE66-59BBA6553C4E}"
EndProject
Project("{6EC3EE1D-3C4E-46DD-8F32-0CC8E7565705}") = "22 - Orbit", "Examples (dotnetcore)\22 - Orbit\22 - Orbit.fsproj", "{5BD77C53-32FD-4714-AC54-F2998FCF5FD0}"
EndProject
Project("{6EC3EE1D-3C4E-46DD-8F32-0CC8E7565705}") = "23 - Inputs", "Examples (dotnetcore)\23 - Inputs\23 - Inputs.fsproj", "{ECD614BC-8588-4DF7-BCDD-65658B2AFF88}"
EndProject
Project("{2150E333-8FDC-42A3-9474-1A3956D46DE8}") = "Scratch", "Scratch", "{15625EF2-D2BB-40F3-9F94-3E101FFD3366}"
	ProjectSection(SolutionItems) = preProject
		Scratch\new-examples.fsx = Scratch\new-examples.fsx
	EndProjectSection
EndProject
Project("{6EC3EE1D-3C4E-46DD-8F32-0CC8E7565705}") = "01 - PerfTest", "Scratch\01 - PerfTest\01 - PerfTest.fsproj", "{CA9AF904-9062-4697-BD2F-6DB488A6E7FE}"
EndProject
Project("{6EC3EE1D-3C4E-46DD-8F32-0CC8E7565705}") = "02 - DrawRects", "Scratch\02 - DrawRects\02 - DrawRects.fsproj", "{D80F9375-15F9-4738-8E1D-A998C84ADAAF}"
EndProject
Project("{6EC3EE1D-3C4E-46DD-8F32-0CC8E7565705}") = "03 - LinePicking", "Scratch\03 - LinePicking\03 - LinePicking.fsproj", "{9DF0EFF2-F939-43A2-B395-511DEC999A43}"
EndProject
Project("{F2A71F9B-5D33-465A-A702-920D77279786}") = "05 - CefExperiments", "Scratch\05 - CefExperiments\05 - CefExperiments.fsproj", "{6686FD79-4826-4566-B703-C3E797018715}"
EndProject
Project("{6EC3EE1D-3C4E-46DD-8F32-0CC8E7565705}") = "06 - DrawRectsShader", "Scratch\06 - DrawRectsShader\06 - DrawRectsShader.fsproj", "{4E772EE4-CBC4-4A6C-AC9C-B702157C247E}"
EndProject
Project("{6EC3EE1D-3C4E-46DD-8F32-0CC8E7565705}") = "07 - UIUpdatePerformance", "Scratch\07 - UIUpdatePerformance\07 - UIUpdatePerformance.fsproj", "{B7B72F80-E984-4C1B-93C3-AE3BDD4DAFD9}"
EndProject
Project("{6EC3EE1D-3C4E-46DD-8F32-0CC8E7565705}") = "08 - ColorTest", "Scratch\08 - ColorTest\08 - ColorTest.fsproj", "{072EE3C2-48DB-4230-9FF7-58F8F73CC191}"
EndProject
Project("{6EC3EE1D-3C4E-46DD-8F32-0CC8E7565705}") = "09 - Force", "Scratch\09 - Force\09 - Force.fsproj", "{566203AB-E690-4858-B12B-EB2A26260123}"
EndProject
Project("{6EC3EE1D-3C4E-46DD-8F32-0CC8E7565705}") = "10 - OpcSelectionViewer", "Scratch\10 - OpcSelectionViewer\10 - OpcSelectionViewer.fsproj", "{C5C25CF1-3384-4A48-AA95-FC22CB9DBBDD}"
EndProject
Project("{6EC3EE1D-3C4E-46DD-8F32-0CC8E7565705}") = "11 - ChatClient", "Scratch\11 - ChatClient\11 - ChatClient.fsproj", "{358BB896-0B20-4308-A972-63EEB070C003}"
EndProject
Project("{6EC3EE1D-3C4E-46DD-8F32-0CC8E7565705}") = "12 - GeoJsonViewer", "Scratch\11 - GeoJsonViewer\12 - GeoJsonViewer.fsproj", "{63D91444-4937-401E-AEF5-1114D40A205D}"
EndProject
Project("{6EC3EE1D-3C4E-46DD-8F32-0CC8E7565705}") = "12 - Outline", "Scratch\12 - Outline\12 - Outline.fsproj", "{02D0EDB9-CD59-4D9D-9385-1777F18327C8}"
EndProject
Project("{6EC3EE1D-3C4E-46DD-8F32-0CC8E7565705}") = "13 - TouchCamera", "Scratch\13 - TouchCamera\13 - TouchCamera.fsproj", "{50F9D5C5-F0B8-486B-AF84-4D7049370D7D}"
EndProject
Project("{6EC3EE1D-3C4E-46DD-8F32-0CC8E7565705}") = "14 - DiscoverOpcs", "Scratch\14 - DiscoverOpcs\14 - DiscoverOpcs.fsproj", "{4833E4F9-133B-45ED-B0A7-C97882C7A65F}"
EndProject
Project("{6EC3EE1D-3C4E-46DD-8F32-0CC8E7565705}") = "15 - Niobe", "Scratch\15 - Niobe\15 - Niobe.fsproj", "{93961854-E6C4-45E2-9CFA-F509D300F897}"
EndProject
Project("{6EC3EE1D-3C4E-46DD-8F32-0CC8E7565705}") = "16 - Service", "Scratch\16 - Service\16 - Service.fsproj", "{95698E7A-BA3A-4B71-A700-1E79F4E26820}"
EndProject
Project("{6EC3EE1D-3C4E-46DD-8F32-0CC8E7565705}") = "17 - Serviced", "Scratch\17 - Serviced\17 - Serviced.fsproj", "{D9C7A7F3-B656-4A21-A529-F3ED20E13EED}"
EndProject
Project("{6EC3EE1D-3C4E-46DD-8F32-0CC8E7565705}") = "22 - FootPrint", "Scratch\22 - FootPrint\22 - FootPrint.fsproj", "{690D95A2-F8C0-45C7-8D59-329B99E10C47}"
EndProject
Project("{6EC3EE1D-3C4E-46DD-8F32-0CC8E7565705}") = "23 - OrthographicCamera", "Scratch\23 - OrthographicCamera\23 - OrthographicCamera.fsproj", "{4C1E890E-9116-4581-ADB1-3D449F3C22A7}"
EndProject
Global
	GlobalSection(SolutionConfigurationPlatforms) = preSolution
		Debug|Any CPU = Debug|Any CPU
		Release|Any CPU = Release|Any CPU
	EndGlobalSection
	GlobalSection(ProjectConfigurationPlatforms) = postSolution
		{E1E09C2E-3304-47D2-90BC-94253D1589CB}.Debug|Any CPU.ActiveCfg = Debug|Any CPU
		{E1E09C2E-3304-47D2-90BC-94253D1589CB}.Debug|Any CPU.Build.0 = Debug|Any CPU
		{E1E09C2E-3304-47D2-90BC-94253D1589CB}.Release|Any CPU.ActiveCfg = Release|Any CPU
		{E1E09C2E-3304-47D2-90BC-94253D1589CB}.Release|Any CPU.Build.0 = Release|Any CPU
		{7E71CC3C-655F-44D5-BC7F-5C7074FBB793}.Debug|Any CPU.ActiveCfg = Debug|Any CPU
		{7E71CC3C-655F-44D5-BC7F-5C7074FBB793}.Debug|Any CPU.Build.0 = Debug|Any CPU
		{7E71CC3C-655F-44D5-BC7F-5C7074FBB793}.Release|Any CPU.ActiveCfg = Release|Any CPU
		{7E71CC3C-655F-44D5-BC7F-5C7074FBB793}.Release|Any CPU.Build.0 = Release|Any CPU
		{AE7713D1-A6EA-47AC-9CEF-29E7F0C92330}.Debug|Any CPU.ActiveCfg = Debug|Any CPU
		{AE7713D1-A6EA-47AC-9CEF-29E7F0C92330}.Debug|Any CPU.Build.0 = Debug|Any CPU
		{AE7713D1-A6EA-47AC-9CEF-29E7F0C92330}.Release|Any CPU.ActiveCfg = Release|Any CPU
		{AE7713D1-A6EA-47AC-9CEF-29E7F0C92330}.Release|Any CPU.Build.0 = Release|Any CPU
		{BA3D5A96-7B58-4160-813B-8AE7CC263713}.Debug|Any CPU.ActiveCfg = Debug|Any CPU
		{BA3D5A96-7B58-4160-813B-8AE7CC263713}.Debug|Any CPU.Build.0 = Debug|Any CPU
		{BA3D5A96-7B58-4160-813B-8AE7CC263713}.Release|Any CPU.ActiveCfg = Release|Any CPU
		{BA3D5A96-7B58-4160-813B-8AE7CC263713}.Release|Any CPU.Build.0 = Release|Any CPU
		{520646A9-8B33-4526-8F6F-92D43E5F4149}.Debug|Any CPU.ActiveCfg = Debug|Any CPU
		{520646A9-8B33-4526-8F6F-92D43E5F4149}.Debug|Any CPU.Build.0 = Debug|Any CPU
		{520646A9-8B33-4526-8F6F-92D43E5F4149}.Release|Any CPU.ActiveCfg = Release|Any CPU
		{520646A9-8B33-4526-8F6F-92D43E5F4149}.Release|Any CPU.Build.0 = Release|Any CPU
		{ABCC1B1F-1168-4243-967C-436444C71C17}.Debug|Any CPU.ActiveCfg = Debug|Any CPU
		{ABCC1B1F-1168-4243-967C-436444C71C17}.Debug|Any CPU.Build.0 = Debug|Any CPU
		{ABCC1B1F-1168-4243-967C-436444C71C17}.Release|Any CPU.ActiveCfg = Release|Any CPU
		{ABCC1B1F-1168-4243-967C-436444C71C17}.Release|Any CPU.Build.0 = Release|Any CPU
		{E9788F8D-D5B5-4AB0-967D-6BEAD9035A15}.Debug|Any CPU.ActiveCfg = Debug|Any CPU
		{E9788F8D-D5B5-4AB0-967D-6BEAD9035A15}.Debug|Any CPU.Build.0 = Debug|Any CPU
		{E9788F8D-D5B5-4AB0-967D-6BEAD9035A15}.Release|Any CPU.ActiveCfg = Release|Any CPU
		{E9788F8D-D5B5-4AB0-967D-6BEAD9035A15}.Release|Any CPU.Build.0 = Release|Any CPU
		{31AB7A2E-E341-4A90-A36C-CA7BBA8ADAB1}.Debug|Any CPU.ActiveCfg = Debug|Any CPU
		{31AB7A2E-E341-4A90-A36C-CA7BBA8ADAB1}.Debug|Any CPU.Build.0 = Debug|Any CPU
		{31AB7A2E-E341-4A90-A36C-CA7BBA8ADAB1}.Release|Any CPU.ActiveCfg = Release|Any CPU
		{31AB7A2E-E341-4A90-A36C-CA7BBA8ADAB1}.Release|Any CPU.Build.0 = Release|Any CPU
		{910900D0-524C-497C-AFDF-0BA9BBAC1B99}.Debug|Any CPU.ActiveCfg = Debug|Any CPU
		{910900D0-524C-497C-AFDF-0BA9BBAC1B99}.Debug|Any CPU.Build.0 = Debug|Any CPU
		{910900D0-524C-497C-AFDF-0BA9BBAC1B99}.Release|Any CPU.ActiveCfg = Release|Any CPU
		{910900D0-524C-497C-AFDF-0BA9BBAC1B99}.Release|Any CPU.Build.0 = Release|Any CPU
		{0FB1A2EA-D6C3-4C62-8BB2-A7F0793C1F09}.Debug|Any CPU.ActiveCfg = Debug|Any CPU
		{0FB1A2EA-D6C3-4C62-8BB2-A7F0793C1F09}.Debug|Any CPU.Build.0 = Debug|Any CPU
		{0FB1A2EA-D6C3-4C62-8BB2-A7F0793C1F09}.Release|Any CPU.ActiveCfg = Release|Any CPU
		{0FB1A2EA-D6C3-4C62-8BB2-A7F0793C1F09}.Release|Any CPU.Build.0 = Release|Any CPU
		{B5978E43-688F-4C4D-A26F-360161A62999}.Debug|Any CPU.ActiveCfg = Debug|Any CPU
		{B5978E43-688F-4C4D-A26F-360161A62999}.Debug|Any CPU.Build.0 = Debug|Any CPU
		{B5978E43-688F-4C4D-A26F-360161A62999}.Release|Any CPU.ActiveCfg = Release|Any CPU
		{B5978E43-688F-4C4D-A26F-360161A62999}.Release|Any CPU.Build.0 = Release|Any CPU
		{441EFA3D-271A-4B19-8FC5-E36094576185}.Debug|Any CPU.ActiveCfg = Debug|Any CPU
		{441EFA3D-271A-4B19-8FC5-E36094576185}.Debug|Any CPU.Build.0 = Debug|Any CPU
		{441EFA3D-271A-4B19-8FC5-E36094576185}.Release|Any CPU.ActiveCfg = Release|Any CPU
		{441EFA3D-271A-4B19-8FC5-E36094576185}.Release|Any CPU.Build.0 = Release|Any CPU
		{6B3221BD-85A4-42E9-AAFE-7B1B55506B9F}.Debug|Any CPU.ActiveCfg = Debug|Any CPU
		{6B3221BD-85A4-42E9-AAFE-7B1B55506B9F}.Debug|Any CPU.Build.0 = Debug|Any CPU
		{6B3221BD-85A4-42E9-AAFE-7B1B55506B9F}.Release|Any CPU.ActiveCfg = Release|Any CPU
		{6B3221BD-85A4-42E9-AAFE-7B1B55506B9F}.Release|Any CPU.Build.0 = Release|Any CPU
		{0C69448B-53B5-418B-97D1-C6B53D1B4C06}.Debug|Any CPU.ActiveCfg = Debug|Any CPU
		{0C69448B-53B5-418B-97D1-C6B53D1B4C06}.Debug|Any CPU.Build.0 = Debug|Any CPU
		{0C69448B-53B5-418B-97D1-C6B53D1B4C06}.Release|Any CPU.ActiveCfg = Release|Any CPU
		{0C69448B-53B5-418B-97D1-C6B53D1B4C06}.Release|Any CPU.Build.0 = Release|Any CPU
		{1192A0AA-53AA-4E6C-BB8F-4A9719B582F1}.Debug|Any CPU.ActiveCfg = Debug|Any CPU
		{1192A0AA-53AA-4E6C-BB8F-4A9719B582F1}.Debug|Any CPU.Build.0 = Debug|Any CPU
		{1192A0AA-53AA-4E6C-BB8F-4A9719B582F1}.Release|Any CPU.ActiveCfg = Release|Any CPU
		{1192A0AA-53AA-4E6C-BB8F-4A9719B582F1}.Release|Any CPU.Build.0 = Release|Any CPU
		{5B7188B1-0850-4C07-A33F-55880BF0FB4C}.Debug|Any CPU.ActiveCfg = Debug|Any CPU
		{5B7188B1-0850-4C07-A33F-55880BF0FB4C}.Debug|Any CPU.Build.0 = Debug|Any CPU
		{5B7188B1-0850-4C07-A33F-55880BF0FB4C}.Release|Any CPU.ActiveCfg = Release|Any CPU
		{5B7188B1-0850-4C07-A33F-55880BF0FB4C}.Release|Any CPU.Build.0 = Release|Any CPU
		{601DD3E4-89A9-4FFC-AE66-59BBA6553C4E}.Debug|Any CPU.ActiveCfg = Debug|Any CPU
		{601DD3E4-89A9-4FFC-AE66-59BBA6553C4E}.Debug|Any CPU.Build.0 = Debug|Any CPU
		{601DD3E4-89A9-4FFC-AE66-59BBA6553C4E}.Release|Any CPU.ActiveCfg = Release|Any CPU
		{601DD3E4-89A9-4FFC-AE66-59BBA6553C4E}.Release|Any CPU.Build.0 = Release|Any CPU
		{5BD77C53-32FD-4714-AC54-F2998FCF5FD0}.Debug|Any CPU.ActiveCfg = Debug|Any CPU
		{5BD77C53-32FD-4714-AC54-F2998FCF5FD0}.Debug|Any CPU.Build.0 = Debug|Any CPU
		{5BD77C53-32FD-4714-AC54-F2998FCF5FD0}.Release|Any CPU.ActiveCfg = Release|Any CPU
		{5BD77C53-32FD-4714-AC54-F2998FCF5FD0}.Release|Any CPU.Build.0 = Release|Any CPU
		{ECD614BC-8588-4DF7-BCDD-65658B2AFF88}.Debug|Any CPU.ActiveCfg = Debug|Any CPU
		{ECD614BC-8588-4DF7-BCDD-65658B2AFF88}.Debug|Any CPU.Build.0 = Debug|Any CPU
		{ECD614BC-8588-4DF7-BCDD-65658B2AFF88}.Release|Any CPU.ActiveCfg = Release|Any CPU
		{ECD614BC-8588-4DF7-BCDD-65658B2AFF88}.Release|Any CPU.Build.0 = Release|Any CPU
		{CA9AF904-9062-4697-BD2F-6DB488A6E7FE}.Debug|Any CPU.ActiveCfg = Debug|Any CPU
		{CA9AF904-9062-4697-BD2F-6DB488A6E7FE}.Debug|Any CPU.Build.0 = Debug|Any CPU
		{CA9AF904-9062-4697-BD2F-6DB488A6E7FE}.Release|Any CPU.ActiveCfg = Release|Any CPU
		{CA9AF904-9062-4697-BD2F-6DB488A6E7FE}.Release|Any CPU.Build.0 = Release|Any CPU
		{D80F9375-15F9-4738-8E1D-A998C84ADAAF}.Debug|Any CPU.ActiveCfg = Debug|Any CPU
		{D80F9375-15F9-4738-8E1D-A998C84ADAAF}.Debug|Any CPU.Build.0 = Debug|Any CPU
		{D80F9375-15F9-4738-8E1D-A998C84ADAAF}.Release|Any CPU.ActiveCfg = Release|Any CPU
		{D80F9375-15F9-4738-8E1D-A998C84ADAAF}.Release|Any CPU.Build.0 = Release|Any CPU
		{9DF0EFF2-F939-43A2-B395-511DEC999A43}.Debug|Any CPU.ActiveCfg = Debug|Any CPU
		{9DF0EFF2-F939-43A2-B395-511DEC999A43}.Debug|Any CPU.Build.0 = Debug|Any CPU
		{9DF0EFF2-F939-43A2-B395-511DEC999A43}.Release|Any CPU.ActiveCfg = Release|Any CPU
		{9DF0EFF2-F939-43A2-B395-511DEC999A43}.Release|Any CPU.Build.0 = Release|Any CPU
		{6686FD79-4826-4566-B703-C3E797018715}.Debug|Any CPU.ActiveCfg = Debug|Any CPU
		{6686FD79-4826-4566-B703-C3E797018715}.Debug|Any CPU.Build.0 = Debug|Any CPU
		{6686FD79-4826-4566-B703-C3E797018715}.Release|Any CPU.ActiveCfg = Release|Any CPU
		{6686FD79-4826-4566-B703-C3E797018715}.Release|Any CPU.Build.0 = Release|Any CPU
		{4E772EE4-CBC4-4A6C-AC9C-B702157C247E}.Debug|Any CPU.ActiveCfg = Debug|Any CPU
		{4E772EE4-CBC4-4A6C-AC9C-B702157C247E}.Debug|Any CPU.Build.0 = Debug|Any CPU
		{4E772EE4-CBC4-4A6C-AC9C-B702157C247E}.Release|Any CPU.ActiveCfg = Release|Any CPU
		{4E772EE4-CBC4-4A6C-AC9C-B702157C247E}.Release|Any CPU.Build.0 = Release|Any CPU
		{B7B72F80-E984-4C1B-93C3-AE3BDD4DAFD9}.Debug|Any CPU.ActiveCfg = Debug|Any CPU
		{B7B72F80-E984-4C1B-93C3-AE3BDD4DAFD9}.Debug|Any CPU.Build.0 = Debug|Any CPU
		{B7B72F80-E984-4C1B-93C3-AE3BDD4DAFD9}.Release|Any CPU.ActiveCfg = Release|Any CPU
		{B7B72F80-E984-4C1B-93C3-AE3BDD4DAFD9}.Release|Any CPU.Build.0 = Release|Any CPU
		{072EE3C2-48DB-4230-9FF7-58F8F73CC191}.Debug|Any CPU.ActiveCfg = Debug|Any CPU
		{072EE3C2-48DB-4230-9FF7-58F8F73CC191}.Debug|Any CPU.Build.0 = Debug|Any CPU
		{072EE3C2-48DB-4230-9FF7-58F8F73CC191}.Release|Any CPU.ActiveCfg = Release|Any CPU
		{072EE3C2-48DB-4230-9FF7-58F8F73CC191}.Release|Any CPU.Build.0 = Release|Any CPU
		{566203AB-E690-4858-B12B-EB2A26260123}.Debug|Any CPU.ActiveCfg = Debug|Any CPU
		{566203AB-E690-4858-B12B-EB2A26260123}.Debug|Any CPU.Build.0 = Debug|Any CPU
		{566203AB-E690-4858-B12B-EB2A26260123}.Release|Any CPU.ActiveCfg = Release|Any CPU
		{566203AB-E690-4858-B12B-EB2A26260123}.Release|Any CPU.Build.0 = Release|Any CPU
		{C5C25CF1-3384-4A48-AA95-FC22CB9DBBDD}.Debug|Any CPU.ActiveCfg = Debug|Any CPU
		{C5C25CF1-3384-4A48-AA95-FC22CB9DBBDD}.Debug|Any CPU.Build.0 = Debug|Any CPU
		{C5C25CF1-3384-4A48-AA95-FC22CB9DBBDD}.Release|Any CPU.ActiveCfg = Release|Any CPU
		{C5C25CF1-3384-4A48-AA95-FC22CB9DBBDD}.Release|Any CPU.Build.0 = Release|Any CPU
		{358BB896-0B20-4308-A972-63EEB070C003}.Debug|Any CPU.ActiveCfg = Debug|Any CPU
		{358BB896-0B20-4308-A972-63EEB070C003}.Debug|Any CPU.Build.0 = Debug|Any CPU
		{358BB896-0B20-4308-A972-63EEB070C003}.Release|Any CPU.ActiveCfg = Release|Any CPU
		{358BB896-0B20-4308-A972-63EEB070C003}.Release|Any CPU.Build.0 = Release|Any CPU
		{63D91444-4937-401E-AEF5-1114D40A205D}.Debug|Any CPU.ActiveCfg = Debug|Any CPU
		{63D91444-4937-401E-AEF5-1114D40A205D}.Debug|Any CPU.Build.0 = Debug|Any CPU
		{63D91444-4937-401E-AEF5-1114D40A205D}.Release|Any CPU.ActiveCfg = Release|Any CPU
		{63D91444-4937-401E-AEF5-1114D40A205D}.Release|Any CPU.Build.0 = Release|Any CPU
		{02D0EDB9-CD59-4D9D-9385-1777F18327C8}.Debug|Any CPU.ActiveCfg = Debug|Any CPU
		{02D0EDB9-CD59-4D9D-9385-1777F18327C8}.Debug|Any CPU.Build.0 = Debug|Any CPU
		{02D0EDB9-CD59-4D9D-9385-1777F18327C8}.Release|Any CPU.ActiveCfg = Release|Any CPU
		{02D0EDB9-CD59-4D9D-9385-1777F18327C8}.Release|Any CPU.Build.0 = Release|Any CPU
		{50F9D5C5-F0B8-486B-AF84-4D7049370D7D}.Debug|Any CPU.ActiveCfg = Debug|Any CPU
		{50F9D5C5-F0B8-486B-AF84-4D7049370D7D}.Debug|Any CPU.Build.0 = Debug|Any CPU
		{50F9D5C5-F0B8-486B-AF84-4D7049370D7D}.Release|Any CPU.ActiveCfg = Release|Any CPU
		{50F9D5C5-F0B8-486B-AF84-4D7049370D7D}.Release|Any CPU.Build.0 = Release|Any CPU
		{4833E4F9-133B-45ED-B0A7-C97882C7A65F}.Debug|Any CPU.ActiveCfg = Debug|Any CPU
		{4833E4F9-133B-45ED-B0A7-C97882C7A65F}.Debug|Any CPU.Build.0 = Debug|Any CPU
		{4833E4F9-133B-45ED-B0A7-C97882C7A65F}.Release|Any CPU.ActiveCfg = Release|Any CPU
		{4833E4F9-133B-45ED-B0A7-C97882C7A65F}.Release|Any CPU.Build.0 = Release|Any CPU
		{93961854-E6C4-45E2-9CFA-F509D300F897}.Debug|Any CPU.ActiveCfg = Debug|Any CPU
		{93961854-E6C4-45E2-9CFA-F509D300F897}.Debug|Any CPU.Build.0 = Debug|Any CPU
		{93961854-E6C4-45E2-9CFA-F509D300F897}.Release|Any CPU.ActiveCfg = Release|Any CPU
		{93961854-E6C4-45E2-9CFA-F509D300F897}.Release|Any CPU.Build.0 = Release|Any CPU
		{95698E7A-BA3A-4B71-A700-1E79F4E26820}.Debug|Any CPU.ActiveCfg = Debug|Any CPU
		{95698E7A-BA3A-4B71-A700-1E79F4E26820}.Debug|Any CPU.Build.0 = Debug|Any CPU
		{95698E7A-BA3A-4B71-A700-1E79F4E26820}.Release|Any CPU.ActiveCfg = Release|Any CPU
		{95698E7A-BA3A-4B71-A700-1E79F4E26820}.Release|Any CPU.Build.0 = Release|Any CPU
		{D9C7A7F3-B656-4A21-A529-F3ED20E13EED}.Debug|Any CPU.ActiveCfg = Debug|Any CPU
		{D9C7A7F3-B656-4A21-A529-F3ED20E13EED}.Debug|Any CPU.Build.0 = Debug|Any CPU
		{D9C7A7F3-B656-4A21-A529-F3ED20E13EED}.Release|Any CPU.ActiveCfg = Release|Any CPU
		{D9C7A7F3-B656-4A21-A529-F3ED20E13EED}.Release|Any CPU.Build.0 = Release|Any CPU
		{690D95A2-F8C0-45C7-8D59-329B99E10C47}.Debug|Any CPU.ActiveCfg = Debug|Any CPU
		{690D95A2-F8C0-45C7-8D59-329B99E10C47}.Debug|Any CPU.Build.0 = Debug|Any CPU
		{690D95A2-F8C0-45C7-8D59-329B99E10C47}.Release|Any CPU.ActiveCfg = Release|Any CPU
		{690D95A2-F8C0-45C7-8D59-329B99E10C47}.Release|Any CPU.Build.0 = Release|Any CPU
		{4C1E890E-9116-4581-ADB1-3D449F3C22A7}.Debug|Any CPU.ActiveCfg = Debug|Any CPU
		{4C1E890E-9116-4581-ADB1-3D449F3C22A7}.Debug|Any CPU.Build.0 = Debug|Any CPU
		{4C1E890E-9116-4581-ADB1-3D449F3C22A7}.Release|Any CPU.ActiveCfg = Release|Any CPU
		{4C1E890E-9116-4581-ADB1-3D449F3C22A7}.Release|Any CPU.Build.0 = Release|Any CPU
	EndGlobalSection
	GlobalSection(SolutionProperties) = preSolution
		HideSolutionNode = FALSE
	EndGlobalSection
	GlobalSection(NestedProjects) = preSolution
		{E1E09C2E-3304-47D2-90BC-94253D1589CB} = {731AC2C4-6C70-497F-BB7E-7417CF93A00B}
		{7E71CC3C-655F-44D5-BC7F-5C7074FBB793} = {731AC2C4-6C70-497F-BB7E-7417CF93A00B}
		{AE7713D1-A6EA-47AC-9CEF-29E7F0C92330} = {731AC2C4-6C70-497F-BB7E-7417CF93A00B}
		{BA3D5A96-7B58-4160-813B-8AE7CC263713} = {731AC2C4-6C70-497F-BB7E-7417CF93A00B}
		{520646A9-8B33-4526-8F6F-92D43E5F4149} = {731AC2C4-6C70-497F-BB7E-7417CF93A00B}
		{ABCC1B1F-1168-4243-967C-436444C71C17} = {731AC2C4-6C70-497F-BB7E-7417CF93A00B}
		{E9788F8D-D5B5-4AB0-967D-6BEAD9035A15} = {731AC2C4-6C70-497F-BB7E-7417CF93A00B}
		{31AB7A2E-E341-4A90-A36C-CA7BBA8ADAB1} = {731AC2C4-6C70-497F-BB7E-7417CF93A00B}
		{910900D0-524C-497C-AFDF-0BA9BBAC1B99} = {731AC2C4-6C70-497F-BB7E-7417CF93A00B}
		{0FB1A2EA-D6C3-4C62-8BB2-A7F0793C1F09} = {731AC2C4-6C70-497F-BB7E-7417CF93A00B}
		{B5978E43-688F-4C4D-A26F-360161A62999} = {731AC2C4-6C70-497F-BB7E-7417CF93A00B}
		{441EFA3D-271A-4B19-8FC5-E36094576185} = {731AC2C4-6C70-497F-BB7E-7417CF93A00B}
		{6B3221BD-85A4-42E9-AAFE-7B1B55506B9F} = {731AC2C4-6C70-497F-BB7E-7417CF93A00B}
		{0C69448B-53B5-418B-97D1-C6B53D1B4C06} = {731AC2C4-6C70-497F-BB7E-7417CF93A00B}
		{1192A0AA-53AA-4E6C-BB8F-4A9719B582F1} = {731AC2C4-6C70-497F-BB7E-7417CF93A00B}
		{5B7188B1-0850-4C07-A33F-55880BF0FB4C} = {731AC2C4-6C70-497F-BB7E-7417CF93A00B}
		{601DD3E4-89A9-4FFC-AE66-59BBA6553C4E} = {731AC2C4-6C70-497F-BB7E-7417CF93A00B}
		{5BD77C53-32FD-4714-AC54-F2998FCF5FD0} = {731AC2C4-6C70-497F-BB7E-7417CF93A00B}
		{ECD614BC-8588-4DF7-BCDD-65658B2AFF88} = {731AC2C4-6C70-497F-BB7E-7417CF93A00B}
		{CA9AF904-9062-4697-BD2F-6DB488A6E7FE} = {15625EF2-D2BB-40F3-9F94-3E101FFD3366}
		{D80F9375-15F9-4738-8E1D-A998C84ADAAF} = {15625EF2-D2BB-40F3-9F94-3E101FFD3366}
		{9DF0EFF2-F939-43A2-B395-511DEC999A43} = {15625EF2-D2BB-40F3-9F94-3E101FFD3366}
		{6686FD79-4826-4566-B703-C3E797018715} = {15625EF2-D2BB-40F3-9F94-3E101FFD3366}
		{4E772EE4-CBC4-4A6C-AC9C-B702157C247E} = {15625EF2-D2BB-40F3-9F94-3E101FFD3366}
		{B7B72F80-E984-4C1B-93C3-AE3BDD4DAFD9} = {15625EF2-D2BB-40F3-9F94-3E101FFD3366}
		{072EE3C2-48DB-4230-9FF7-58F8F73CC191} = {15625EF2-D2BB-40F3-9F94-3E101FFD3366}
		{566203AB-E690-4858-B12B-EB2A26260123} = {15625EF2-D2BB-40F3-9F94-3E101FFD3366}
		{C5C25CF1-3384-4A48-AA95-FC22CB9DBBDD} = {15625EF2-D2BB-40F3-9F94-3E101FFD3366}
		{358BB896-0B20-4308-A972-63EEB070C003} = {15625EF2-D2BB-40F3-9F94-3E101FFD3366}
		{63D91444-4937-401E-AEF5-1114D40A205D} = {15625EF2-D2BB-40F3-9F94-3E101FFD3366}
		{02D0EDB9-CD59-4D9D-9385-1777F18327C8} = {15625EF2-D2BB-40F3-9F94-3E101FFD3366}
		{50F9D5C5-F0B8-486B-AF84-4D7049370D7D} = {15625EF2-D2BB-40F3-9F94-3E101FFD3366}
		{4833E4F9-133B-45ED-B0A7-C97882C7A65F} = {15625EF2-D2BB-40F3-9F94-3E101FFD3366}
		{93961854-E6C4-45E2-9CFA-F509D300F897} = {15625EF2-D2BB-40F3-9F94-3E101FFD3366}
		{95698E7A-BA3A-4B71-A700-1E79F4E26820} = {15625EF2-D2BB-40F3-9F94-3E101FFD3366}
		{D9C7A7F3-B656-4A21-A529-F3ED20E13EED} = {15625EF2-D2BB-40F3-9F94-3E101FFD3366}
		{690D95A2-F8C0-45C7-8D59-329B99E10C47} = {15625EF2-D2BB-40F3-9F94-3E101FFD3366}
		{4C1E890E-9116-4581-ADB1-3D449F3C22A7} = {15625EF2-D2BB-40F3-9F94-3E101FFD3366}
	EndGlobalSection
	GlobalSection(ExtensibilityGlobals) = postSolution
		SolutionGuid = {C5B5FEF4-03B1-4B3E-A31B-6ADDEC0A4259}
	EndGlobalSection
EndGlobal
