Microsoft Visual Studio Solution File, Format Version 12.00
# Visual Studio Version 16
VisualStudioVersion = 16.0.29613.14
MinimumVisualStudioVersion = 10.0.40219.1
Project("{6EC3EE1D-3C4E-46DD-8F32-0CC8E7565705}") = "Aardvark.Cef", "Aardvark.Cef\Aardvark.Cef.fsproj", "{70C08F03-F4A5-414A-ABD6-CC07DC42E07C}"
EndProject
Project("{6EC3EE1D-3C4E-46DD-8F32-0CC8E7565705}") = "Aardvark.Cef.Process", "Aardvark.Cef.Process\Aardvark.Cef.Process.fsproj", "{1DFEB808-39FA-4DB3-92B6-77BAADC1457D}"
EndProject
Project("{6EC3EE1D-3C4E-46DD-8F32-0CC8E7565705}") = "Aardvark.Cef.WinForms", "Aardvark.Cef.WinForms\Aardvark.Cef.WinForms.fsproj", "{F20C78DD-06CB-44E8-90DB-6DE144863078}"
EndProject
Project("{6EC3EE1D-3C4E-46DD-8F32-0CC8E7565705}") = "Aardvark.Service", "Aardvark.Service\Aardvark.Service.fsproj", "{773EB4C7-BA14-4A60-B6C5-8A27C7D80BE2}"
EndProject
Project("{6EC3EE1D-3C4E-46DD-8F32-0CC8E7565705}") = "Aardvark.UI", "Aardvark.UI\Aardvark.UI.fsproj", "{222260E2-428B-485D-89FB-BFBF1D87CD06}"
EndProject
Project("{6EC3EE1D-3C4E-46DD-8F32-0CC8E7565705}") = "Aardvark.UI.Primitives", "Aardvark.UI.Primitives\Aardvark.UI.Primitives.fsproj", "{F0D88ACA-53DB-492C-88CF-080F67FEF6B8}"
EndProject
Project("{2150E333-8FDC-42A3-9474-1A3956D46DE8}") = "Examples (dotnetcore)", "Examples (dotnetcore)", "{DAC89FC7-17D3-467D-929D-781A88DA5324}"
	ProjectSection(SolutionItems) = preProject
		Examples (dotnetcore)\More-Examples-In-Example-sln.txt = Examples (dotnetcore)\More-Examples-In-Example-sln.txt
		Examples (dotnetcore)\new-media.fsx = Examples (dotnetcore)\new-media.fsx
	EndProjectSection
EndProject
Project("{6EC3EE1D-3C4E-46DD-8F32-0CC8E7565705}") = "Aardvark.Cef.WinForms.Process", "Aardvark.Cef.WinForms.Process\Aardvark.Cef.WinForms.Process.fsproj", "{EDE32464-755B-415A-B0CA-CDA89F49F6F5}"
EndProject
Project("{2150E333-8FDC-42A3-9474-1A3956D46DE8}") = "Examples (net471)", "Examples (net471)", "{6D553C3F-E56A-4B26-8018-DA17A4B4C407}"
	ProjectSection(SolutionItems) = preProject
		Examples (net471)\Readme.txt = Examples (net471)\Readme.txt
	EndProjectSection
EndProject
Project("{2150E333-8FDC-42A3-9474-1A3956D46DE8}") = "net471", "net471", "{2FE8734A-BF34-43DE-8731-5D580FE4E83B}"
EndProject
Project("{2150E333-8FDC-42A3-9474-1A3956D46DE8}") = "netstandard", "netstandard", "{5DAFA99B-848D-4185-B4C1-287119815657}"
EndProject
Project("{6EC3EE1D-3C4E-46DD-8F32-0CC8E7565705}") = "Hello World (CEF)", "Examples (net471)\Hello World (net471)\Hello World (CEF).fsproj", "{9824D872-86F5-4058-B378-9E922026FC70}"
EndProject
Project("{6EC3EE1D-3C4E-46DD-8F32-0CC8E7565705}") = "RenderToTextureExample", "Examples (net471)\RenderToTextureExample\RenderToTextureExample.fsproj", "{7B055C74-1C24-4CB0-96E4-02E01914F60A}"
EndProject
Project("{6EC3EE1D-3C4E-46DD-8F32-0CC8E7565705}") = "01 - Inc", "Examples (dotnetcore)\01 - Inc\01 - Inc.fsproj", "{210CA4D7-4A23-43F9-9499-76ECAEE33F15}"
EndProject
Project("{6EC3EE1D-3C4E-46DD-8F32-0CC8E7565705}") = "02 - RenderControl", "Examples (dotnetcore)\02 - RenderControl\02 - RenderControl.fsproj", "{8D161B57-D086-4848-85E1-A77A3F1D9215}"
EndProject
Project("{2150E333-8FDC-42A3-9474-1A3956D46DE8}") = "Scratch", "Scratch", "{6886C4F9-BA04-4E56-8687-672B6A9822DF}"
	ProjectSection(SolutionItems) = preProject
		Scratch\Moved-to-Example-sln.txt = Scratch\Moved-to-Example-sln.txt
		Scratch\new-media.fsx = Scratch\new-media.fsx
	EndProjectSection
EndProject
Global
	GlobalSection(SolutionConfigurationPlatforms) = preSolution
		Debug|Any CPU = Debug|Any CPU
		Release|Any CPU = Release|Any CPU
	EndGlobalSection
	GlobalSection(ProjectConfigurationPlatforms) = postSolution
		{70C08F03-F4A5-414A-ABD6-CC07DC42E07C}.Debug|Any CPU.ActiveCfg = Debug|Any CPU
		{70C08F03-F4A5-414A-ABD6-CC07DC42E07C}.Debug|Any CPU.Build.0 = Debug|Any CPU
		{70C08F03-F4A5-414A-ABD6-CC07DC42E07C}.Release|Any CPU.ActiveCfg = Release|Any CPU
		{70C08F03-F4A5-414A-ABD6-CC07DC42E07C}.Release|Any CPU.Build.0 = Release|Any CPU
		{1DFEB808-39FA-4DB3-92B6-77BAADC1457D}.Debug|Any CPU.ActiveCfg = Debug|Any CPU
		{1DFEB808-39FA-4DB3-92B6-77BAADC1457D}.Debug|Any CPU.Build.0 = Debug|Any CPU
		{1DFEB808-39FA-4DB3-92B6-77BAADC1457D}.Release|Any CPU.ActiveCfg = Release|Any CPU
		{1DFEB808-39FA-4DB3-92B6-77BAADC1457D}.Release|Any CPU.Build.0 = Release|Any CPU
		{F20C78DD-06CB-44E8-90DB-6DE144863078}.Debug|Any CPU.ActiveCfg = Debug|Any CPU
		{F20C78DD-06CB-44E8-90DB-6DE144863078}.Debug|Any CPU.Build.0 = Debug|Any CPU
		{F20C78DD-06CB-44E8-90DB-6DE144863078}.Release|Any CPU.ActiveCfg = Release|Any CPU
		{F20C78DD-06CB-44E8-90DB-6DE144863078}.Release|Any CPU.Build.0 = Release|Any CPU
		{773EB4C7-BA14-4A60-B6C5-8A27C7D80BE2}.Debug|Any CPU.ActiveCfg = Debug|Any CPU
		{773EB4C7-BA14-4A60-B6C5-8A27C7D80BE2}.Debug|Any CPU.Build.0 = Debug|Any CPU
		{773EB4C7-BA14-4A60-B6C5-8A27C7D80BE2}.Release|Any CPU.ActiveCfg = Release|Any CPU
		{773EB4C7-BA14-4A60-B6C5-8A27C7D80BE2}.Release|Any CPU.Build.0 = Release|Any CPU
		{222260E2-428B-485D-89FB-BFBF1D87CD06}.Debug|Any CPU.ActiveCfg = Debug|Any CPU
		{222260E2-428B-485D-89FB-BFBF1D87CD06}.Debug|Any CPU.Build.0 = Debug|Any CPU
		{222260E2-428B-485D-89FB-BFBF1D87CD06}.Release|Any CPU.ActiveCfg = Release|Any CPU
		{222260E2-428B-485D-89FB-BFBF1D87CD06}.Release|Any CPU.Build.0 = Release|Any CPU
		{F0D88ACA-53DB-492C-88CF-080F67FEF6B8}.Debug|Any CPU.ActiveCfg = Debug|Any CPU
		{F0D88ACA-53DB-492C-88CF-080F67FEF6B8}.Debug|Any CPU.Build.0 = Debug|Any CPU
		{F0D88ACA-53DB-492C-88CF-080F67FEF6B8}.Release|Any CPU.ActiveCfg = Release|Any CPU
		{F0D88ACA-53DB-492C-88CF-080F67FEF6B8}.Release|Any CPU.Build.0 = Release|Any CPU
		{EDE32464-755B-415A-B0CA-CDA89F49F6F5}.Debug|Any CPU.ActiveCfg = Debug|Any CPU
		{EDE32464-755B-415A-B0CA-CDA89F49F6F5}.Debug|Any CPU.Build.0 = Debug|Any CPU
		{EDE32464-755B-415A-B0CA-CDA89F49F6F5}.Release|Any CPU.ActiveCfg = Release|Any CPU
		{EDE32464-755B-415A-B0CA-CDA89F49F6F5}.Release|Any CPU.Build.0 = Release|Any CPU
		{9824D872-86F5-4058-B378-9E922026FC70}.Debug|Any CPU.ActiveCfg = Debug|Any CPU
		{9824D872-86F5-4058-B378-9E922026FC70}.Debug|Any CPU.Build.0 = Debug|Any CPU
		{9824D872-86F5-4058-B378-9E922026FC70}.Release|Any CPU.ActiveCfg = Release|Any CPU
		{9824D872-86F5-4058-B378-9E922026FC70}.Release|Any CPU.Build.0 = Release|Any CPU
		{7B055C74-1C24-4CB0-96E4-02E01914F60A}.Debug|Any CPU.ActiveCfg = Debug|Any CPU
		{7B055C74-1C24-4CB0-96E4-02E01914F60A}.Debug|Any CPU.Build.0 = Debug|Any CPU
		{7B055C74-1C24-4CB0-96E4-02E01914F60A}.Release|Any CPU.ActiveCfg = Release|Any CPU
		{7B055C74-1C24-4CB0-96E4-02E01914F60A}.Release|Any CPU.Build.0 = Release|Any CPU
		{210CA4D7-4A23-43F9-9499-76ECAEE33F15}.Debug|Any CPU.ActiveCfg = Debug|Any CPU
		{210CA4D7-4A23-43F9-9499-76ECAEE33F15}.Debug|Any CPU.Build.0 = Debug|Any CPU
		{210CA4D7-4A23-43F9-9499-76ECAEE33F15}.Release|Any CPU.ActiveCfg = Release|Any CPU
		{210CA4D7-4A23-43F9-9499-76ECAEE33F15}.Release|Any CPU.Build.0 = Release|Any CPU
		{8D161B57-D086-4848-85E1-A77A3F1D9215}.Debug|Any CPU.ActiveCfg = Debug|Any CPU
		{8D161B57-D086-4848-85E1-A77A3F1D9215}.Debug|Any CPU.Build.0 = Debug|Any CPU
		{8D161B57-D086-4848-85E1-A77A3F1D9215}.Release|Any CPU.ActiveCfg = Release|Any CPU
		{8D161B57-D086-4848-85E1-A77A3F1D9215}.Release|Any CPU.Build.0 = Release|Any CPU
	EndGlobalSection
	GlobalSection(SolutionProperties) = preSolution
		HideSolutionNode = FALSE
	EndGlobalSection
	GlobalSection(NestedProjects) = preSolution
		{70C08F03-F4A5-414A-ABD6-CC07DC42E07C} = {2FE8734A-BF34-43DE-8731-5D580FE4E83B}
		{1DFEB808-39FA-4DB3-92B6-77BAADC1457D} = {2FE8734A-BF34-43DE-8731-5D580FE4E83B}
		{F20C78DD-06CB-44E8-90DB-6DE144863078} = {2FE8734A-BF34-43DE-8731-5D580FE4E83B}
		{773EB4C7-BA14-4A60-B6C5-8A27C7D80BE2} = {5DAFA99B-848D-4185-B4C1-287119815657}
		{222260E2-428B-485D-89FB-BFBF1D87CD06} = {5DAFA99B-848D-4185-B4C1-287119815657}
		{F0D88ACA-53DB-492C-88CF-080F67FEF6B8} = {5DAFA99B-848D-4185-B4C1-287119815657}
		{EDE32464-755B-415A-B0CA-CDA89F49F6F5} = {2FE8734A-BF34-43DE-8731-5D580FE4E83B}
		{9824D872-86F5-4058-B378-9E922026FC70} = {6D553C3F-E56A-4B26-8018-DA17A4B4C407}
		{7B055C74-1C24-4CB0-96E4-02E01914F60A} = {6D553C3F-E56A-4B26-8018-DA17A4B4C407}
		{210CA4D7-4A23-43F9-9499-76ECAEE33F15} = {DAC89FC7-17D3-467D-929D-781A88DA5324}
		{8D161B57-D086-4848-85E1-A77A3F1D9215} = {DAC89FC7-17D3-467D-929D-781A88DA5324}
	EndGlobalSection
	GlobalSection(ExtensibilityGlobals) = postSolution
		SolutionGuid = {B7FCCF28-D562-4E8F-86A7-2310B38A1016}
	EndGlobalSection
	GlobalSection(Performance) = preSolution
		HasPerformanceSessions = true
	EndGlobalSection
EndGlobal
